
Microsoft Visual Studio Solution File, Format Version 12.00
# Visual Studio Version 17
VisualStudioVersion = 17.5.33424.131
MinimumVisualStudioVersion = 10.0.40219.1
Project("{9A19103F-16F7-4668-BE54-9A1E7A4F7556}") = "SharedModels", "SharedModels\SharedModels.csproj", "{403837E1-31AA-4522-A7BB-C37BAC7938F8}"
EndProject
Project("{9A19103F-16F7-4668-BE54-9A1E7A4F7556}") = "AIStory.StoryGenerationLambda", "AIStory.StoryGenerationLambda\src\AIStory.StoryGenerationLambda\AIStory.StoryGenerationLambda.csproj", "{9C0CFDF1-FAAE-4161-B2AE-1F5A61FE51CF}"
EndProject
Project("{2150E333-8FDC-42A3-9474-1A3956D46DE8}") = "Solution Items", "Solution Items", "{D0479E65-AFAC-4370-8AAE-B712842000DA}"
	ProjectSection(SolutionItems) = preProject
		nuget.config = nuget.config
	EndProjectSection
EndProject
Project("{9A19103F-16F7-4668-BE54-9A1E7A4F7556}") = "AIStory.TestMessagesGenerator", "AIStory.TestMessagesGenerator\AIStory.TestMessagesGenerator.csproj", "{87286093-C9BA-4596-BFE7-D4F36D714123}"
EndProject
Project("{9A19103F-16F7-4668-BE54-9A1E7A4F7556}") = "AIStory.StoryGenerationLambda.Tests", "AIStory.StoryGenerationLambda.Tests\AIStory.StoryGenerationLambda.Tests.csproj", "{E680328E-A5BD-4502-B540-8C75A4D4D275}"
EndProject
Project("{9A19103F-16F7-4668-BE54-9A1E7A4F7556}") = "AIStory.TelegramBotLambda", "AIStory.TelegramBotLambda\src\AIStory.TelegramBotLambda\AIStory.TelegramBotLambda.csproj", "{DC0C61CF-FB21-4050-9972-1526EFA63C6D}"
EndProject
Project("{FAE04EC0-301F-11D3-BF4B-00C04F79EFBC}") = "AIStory.StorySendTelegramLambda", "AIStory.StorySendTelegramLambda\src\AIStory.StorySendTelegramLambda\AIStory.StorySendTelegramLambda.csproj", "{494373B8-63E9-4E8D-8907-07463CC69695}"
EndProject
Project("{FAE04EC0-301F-11D3-BF4B-00C04F79EFBC}") = "SharedConfiguration", "SharedConfiguration\SharedConfiguration.csproj", "{AFA673BC-50C2-4352-8174-734798DC6F5A}"
EndProject
Project("{FAE04EC0-301F-11D3-BF4B-00C04F79EFBC}") = "AIStories.ApiGetStories", "AIStories.ApiGetStories\src\AIStories.ApiGetStories\AIStories.ApiGetStories.csproj", "{454A893F-0BCE-4505-ABE8-DD5758CFB936}"
EndProject
Project("{2150E333-8FDC-42A3-9474-1A3956D46DE8}") = "API", "API", "{0656C61B-EBD7-4383-AE1C-49C4D38AA944}"
EndProject
Project("{2150E333-8FDC-42A3-9474-1A3956D46DE8}") = "Telegram", "Telegram", "{2D4E8DB0-7953-423F-81DE-8A3A94AAC685}"
EndProject
Global
	GlobalSection(SolutionConfigurationPlatforms) = preSolution
		Debug|Any CPU = Debug|Any CPU
		Release|Any CPU = Release|Any CPU
	EndGlobalSection
	GlobalSection(ProjectConfigurationPlatforms) = postSolution
		{403837E1-31AA-4522-A7BB-C37BAC7938F8}.Debug|Any CPU.ActiveCfg = Debug|Any CPU
		{403837E1-31AA-4522-A7BB-C37BAC7938F8}.Debug|Any CPU.Build.0 = Debug|Any CPU
		{403837E1-31AA-4522-A7BB-C37BAC7938F8}.Release|Any CPU.ActiveCfg = Release|Any CPU
		{403837E1-31AA-4522-A7BB-C37BAC7938F8}.Release|Any CPU.Build.0 = Release|Any CPU
		{9C0CFDF1-FAAE-4161-B2AE-1F5A61FE51CF}.Debug|Any CPU.ActiveCfg = Debug|Any CPU
		{9C0CFDF1-FAAE-4161-B2AE-1F5A61FE51CF}.Debug|Any CPU.Build.0 = Debug|Any CPU
		{9C0CFDF1-FAAE-4161-B2AE-1F5A61FE51CF}.Release|Any CPU.ActiveCfg = Release|Any CPU
		{9C0CFDF1-FAAE-4161-B2AE-1F5A61FE51CF}.Release|Any CPU.Build.0 = Release|Any CPU
		{87286093-C9BA-4596-BFE7-D4F36D714123}.Debug|Any CPU.ActiveCfg = Debug|Any CPU
		{87286093-C9BA-4596-BFE7-D4F36D714123}.Debug|Any CPU.Build.0 = Debug|Any CPU
		{87286093-C9BA-4596-BFE7-D4F36D714123}.Release|Any CPU.ActiveCfg = Release|Any CPU
		{87286093-C9BA-4596-BFE7-D4F36D714123}.Release|Any CPU.Build.0 = Release|Any CPU
		{E680328E-A5BD-4502-B540-8C75A4D4D275}.Debug|Any CPU.ActiveCfg = Debug|Any CPU
		{E680328E-A5BD-4502-B540-8C75A4D4D275}.Debug|Any CPU.Build.0 = Debug|Any CPU
		{E680328E-A5BD-4502-B540-8C75A4D4D275}.Release|Any CPU.ActiveCfg = Release|Any CPU
		{E680328E-A5BD-4502-B540-8C75A4D4D275}.Release|Any CPU.Build.0 = Release|Any CPU
		{DC0C61CF-FB21-4050-9972-1526EFA63C6D}.Debug|Any CPU.ActiveCfg = Debug|Any CPU
		{DC0C61CF-FB21-4050-9972-1526EFA63C6D}.Debug|Any CPU.Build.0 = Debug|Any CPU
		{DC0C61CF-FB21-4050-9972-1526EFA63C6D}.Release|Any CPU.ActiveCfg = Release|Any CPU
		{DC0C61CF-FB21-4050-9972-1526EFA63C6D}.Release|Any CPU.Build.0 = Release|Any CPU
		{494373B8-63E9-4E8D-8907-07463CC69695}.Debug|Any CPU.ActiveCfg = Debug|Any CPU
		{494373B8-63E9-4E8D-8907-07463CC69695}.Debug|Any CPU.Build.0 = Debug|Any CPU
		{494373B8-63E9-4E8D-8907-07463CC69695}.Release|Any CPU.ActiveCfg = Release|Any CPU
		{494373B8-63E9-4E8D-8907-07463CC69695}.Release|Any CPU.Build.0 = Release|Any CPU
		{AFA673BC-50C2-4352-8174-734798DC6F5A}.Debug|Any CPU.ActiveCfg = Debug|Any CPU
		{AFA673BC-50C2-4352-8174-734798DC6F5A}.Debug|Any CPU.Build.0 = Debug|Any CPU
		{AFA673BC-50C2-4352-8174-734798DC6F5A}.Release|Any CPU.ActiveCfg = Release|Any CPU
		{AFA673BC-50C2-4352-8174-734798DC6F5A}.Release|Any CPU.Build.0 = Release|Any CPU
		{454A893F-0BCE-4505-ABE8-DD5758CFB936}.Debug|Any CPU.ActiveCfg = Debug|Any CPU
		{454A893F-0BCE-4505-ABE8-DD5758CFB936}.Debug|Any CPU.Build.0 = Debug|Any CPU
		{454A893F-0BCE-4505-ABE8-DD5758CFB936}.Release|Any CPU.ActiveCfg = Release|Any CPU
		{454A893F-0BCE-4505-ABE8-DD5758CFB936}.Release|Any CPU.Build.0 = Release|Any CPU
	EndGlobalSection
	GlobalSection(SolutionProperties) = preSolution
		HideSolutionNode = FALSE
	EndGlobalSection
	GlobalSection(NestedProjects) = preSolution
		{DC0C61CF-FB21-4050-9972-1526EFA63C6D} = {2D4E8DB0-7953-423F-81DE-8A3A94AAC685}
		{494373B8-63E9-4E8D-8907-07463CC69695} = {2D4E8DB0-7953-423F-81DE-8A3A94AAC685}
		{454A893F-0BCE-4505-ABE8-DD5758CFB936} = {0656C61B-EBD7-4383-AE1C-49C4D38AA944}
	EndGlobalSection
	GlobalSection(ExtensibilityGlobals) = postSolution
		SolutionGuid = {887B7F84-8FC4-41FC-A082-D7FA412EB5C0}
	EndGlobalSection
EndGlobal
